#MicroXplorer Configuration settings - do not modify
Mcu.Family=STM32F7
FMC.IPParameters=WriteOperation1,WriteFifo1,ExtendedMode1,DataSetupTime1,BusTurnAroundDuration1,ExtendedDataSetupTime1,ExtendedBusTurnAroundDuration1,WriteFifo2,WriteFifo3,WriteFifo4,AddressSetupTime1,ExtendedAddressSetupTime1
PD7.Mode=NorPsramChipSelect1_1
ProjectManager.MainLocation=Src
SH.FMC_D7_DA7.0=FMC_D7,16b-d1
SH.FMC_D0_DA0.ConfNb=1
RCC.USART1Freq_Value=108000000
RCC.SAI1Freq_Value=96000000
RCC.CortexFreq_Value=216000000
SH.FMC_D6_DA6.ConfNb=1
SH.FMC_D9_DA9.ConfNb=1
ProjectManager.KeepUserCode=true
Mcu.UserName=STM32F767IGTx
SH.FMC_D14_DA14.0=FMC_D14,16b-d1
RCC.PLLCLKFreq_Value=216000000
RCC.PLLQCLKFreq_Value=216000000
ProjectManager.functionlistsort=1-MX_GPIO_Init-GPIO-false-HAL-true,2-SystemClock_Config-RCC-false-HAL-false,3-MX_FMC_Init-FMC-false-HAL-true,0-MX_CORTEX_M7_Init-CORTEX_M7-false-HAL-true
SH.FMC_D6_DA6.0=FMC_D6,16b-d1
PC14/OSC32_IN.Mode=LSE-External-Oscillator
RCC.PLLI2SRCLKFreq_Value=96000000
RCC.USART2Freq_Value=54000000
SH.FMC_D5_DA5.0=FMC_D5,16b-d1
FMC.WriteOperation1=FMC_WRITE_OPERATION_ENABLE
SH.FMC_NOE.ConfNb=1
PinOutPanel.RotationAngle=0
SH.FMC_NWE.0=FMC_NWE,Lcd1
RCC.SYSCLKSource=RCC_SYSCLKSOURCE_PLLCLK
ProjectManager.StackSize=0x400
SH.FMC_D9_DA9.0=FMC_D9,16b-d1
RCC.I2C3Freq_Value=54000000
RCC.LPTIM1Freq_Value=54000000
PD13.Signal=FMC_A18
Mcu.IP4=SYS
RCC.FCLKCortexFreq_Value=216000000
Mcu.IP2=NVIC
NVIC.SVCall_IRQn=true\:0\:0\:false\:false\:true\:false\:false
Mcu.IP3=RCC
Mcu.IP0=CORTEX_M7
CORTEX_M7.Enable-Cortex_Memory_Protection_Unit_Region0_Settings=MPU_REGION_ENABLE
Mcu.IP1=FMC
Mcu.UserConstants=
RCC.LCDTFTFreq_Value=48000000
RCC.SDMMCFreq_Value=216000000
Mcu.ThirdPartyNb=0
SH.FMC_D11_DA11.0=FMC_D11,16b-d1
PH0/OSC_IN.Mode=HSE-External-Oscillator
RCC.HCLKFreq_Value=216000000
RCC.I2C4Freq_Value=54000000
Mcu.IPNb=5
RCC.PLLI2SRoutputFreq_Value=96000000
ProjectManager.PreviousToolchain=
PD4.Signal=FMC_NOE
RCC.APB2TimFreq_Value=216000000
SH.FMC_NWE.ConfNb=1
RCC.SPDIFRXFreq_Value=96000000
SH.FMC_D10_DA10.ConfNb=1
PH1/OSC_OUT.Signal=RCC_OSC_OUT
PD0.Signal=FMC_D2_DA2
Mcu.Pin6=PE9
RCC.SAI2Freq_Value=96000000
Mcu.Pin7=PE10
PD8.Signal=FMC_D13_DA13
Mcu.Pin8=PE11
Mcu.Pin9=PE12
RCC.VCOSAIOutputFreq_Value=192000000
RCC.AHBFreq_Value=216000000
Mcu.Pin0=PC14/OSC32_IN
Mcu.Pin1=PC15/OSC32_OUT
GPIO.groupedBy=Group By Peripherals
Mcu.Pin2=PH0/OSC_IN
Mcu.Pin3=PH1/OSC_OUT
RCC.USART3Freq_Value=54000000
Mcu.Pin4=PE7
Mcu.Pin5=PE8
RCC.PLLSAIRCLKFreq_Value=96000000
ProjectManager.ProjectBuild=false
SH.FMC_A18.0=FMC_A18,A18_1
RCC.HSE_VALUE=25000000
NVIC.UsageFault_IRQn=true\:0\:0\:false\:false\:true\:false\:false
NVIC.DebugMonitor_IRQn=true\:0\:0\:false\:false\:true\:false\:false
SH.FMC_D8_DA8.0=FMC_D8,16b-d1
NVIC.SysTick_IRQn=true\:0\:0\:false\:false\:true\:false\:true
SH.FMC_D2_DA2.0=FMC_D2,16b-d1
ProjectManager.FirmwarePackage=STM32Cube FW_F7 V1.16.0
MxDb.Version=DB.6.0.10
FMC.BusTurnAroundDuration1=1
PE13.Signal=FMC_D10_DA10
ProjectManager.BackupPrevious=false
FMC.DataSetupTime1=4
RCC.VCOInputFreq_Value=1000000
PE9.Signal=FMC_D6_DA6
PA14.Mode=Serial_Wire
SH.FMC_D15_DA15.ConfNb=1
File.Version=6
SH.FMC_D5_DA5.ConfNb=1
SH.FMC_D2_DA2.ConfNb=1
SH.FMC_D1_DA1.0=FMC_D1,16b-d1
NVIC.PendSV_IRQn=true\:0\:0\:false\:false\:true\:false\:false
PH1/OSC_OUT.Mode=HSE-External-Oscillator
PE10.Signal=FMC_D7_DA7
ProjectManager.HalAssertFull=false
ProjectManager.ProjectName=stm32f767_tft_lcd
RCC.MCO2PinFreq_Value=216000000
Mcu.Package=LQFP176
SH.FMC_D0_DA0.0=FMC_D0,16b-d1
PC14/OSC32_IN.Signal=RCC_OSC32_IN
FMC.ExtendedDataSetupTime1=4
SH.FMC_D4_DA4.ConfNb=1
ProjectManager.ToolChainLocation=
RCC.LSI_VALUE=32000
VP_SYS_VS_Systick.Signal=SYS_VS_Systick
SH.FMC_D4_DA4.0=FMC_D4,16b-d1
RCC.DFSDMFreq_Value=108000000
RCC.APB2CLKDivider=RCC_HCLK_DIV2
FMC.ExtendedAddressSetupTime1=0
RCC.CECFreq_Value=32786.88524590164
RCC.APB1TimFreq_Value=108000000
NVIC.BusFault_IRQn=true\:0\:0\:false\:false\:true\:false\:false
PE7.Signal=FMC_D4_DA4
RCC.DFSDMAudioFreq_Value=96000000
PD15.Signal=FMC_D1_DA1
SH.FMC_D3_DA3.0=FMC_D3,16b-d1
ProjectManager.CustomerFirmwarePackage=
CORTEX_M7.IsBufferable-Cortex_Memory_Protection_Unit_Region0_Settings=MPU_ACCESS_BUFFERABLE
RCC.PLLSAIQCLKFreq_Value=96000000
SH.FMC_D3_DA3.ConfNb=1
RCC.PLLSourceVirtual=RCC_PLLSOURCE_HSE
RCC.I2SFreq_Value=96000000
RCC.PLLQoutputFreq_Value=216000000
ProjectManager.ProjectFileName=stm32f767_tft_lcd.ioc
CORTEX_M7.CPU_ICache=Enabled
FMC.ExtendedMode1=FMC_EXTENDED_MODE_ENABLE
RCC.UART7Freq_Value=54000000
Mcu.PinsNb=28
ProjectManager.NoMain=false
FMC.WriteFifo3=FMC_WRITE_FIFO_DISABLE
FMC.WriteFifo4=FMC_WRITE_FIFO_DISABLE
FMC.WriteFifo1=FMC_WRITE_FIFO_DISABLE
SH.FMC_D10_DA10.0=FMC_D10,16b-d1
FMC.WriteFifo2=FMC_WRITE_FIFO_DISABLE
RCC.PLLRFreq_Value=216000000
PD7.Signal=FMC_NE1
PD1.Signal=FMC_D3_DA3
ProjectManager.DefaultFWLocation=true
PD5.Signal=FMC_NWE
PD9.Signal=FMC_D14_DA14
ProjectManager.DeletePrevious=true
RCC.UART8Freq_Value=54000000
RCC.APB1CLKDivider=RCC_HCLK_DIV4
SH.FMC_NOE.0=FMC_NOE,Lcd1
RCC.FamilyName=M
PD10.Signal=FMC_D15_DA15
PA13.Signal=SYS_JTMS-SWDIO
FMC.AddressSetupTime1=3
CORTEX_M7.MPU_Control=MPU_HFNMI_PRIVDEF
ProjectManager.TargetToolchain=Makefile
RCC.USART6Freq_Value=108000000
SH.FMC_D15_DA15.0=FMC_D15,16b-d1
SH.FMC_D13_DA13.0=FMC_D13,16b-d1
SH.FMC_D1_DA1.ConfNb=1
PB5.Locked=true
FMC.ExtendedBusTurnAroundDuration1=1
CORTEX_M7.BaseAddress-Cortex_Memory_Protection_Unit_Region0_Settings=0x60000000
ProjectManager.RegisterCallBack=
RCC.USBFreq_Value=216000000
RCC.PLLSAIoutputFreq_Value=96000000
PE11.Signal=FMC_D8_DA8
PD7.Locked=true
RCC.VCOI2SOutputFreq_Value=192000000
RCC.PLLSAIPCLKFreq_Value=96000000
board=custom
RCC.VCOOutputFreq_Value=432000000
ProjectManager.LastFirmware=true
PH0/OSC_IN.Signal=RCC_OSC_IN
RCC.APB2Freq_Value=108000000
PE14.Signal=FMC_D11_DA11
RCC.UART4Freq_Value=54000000
PE15.Signal=FMC_D12_DA12
MxCube.Version=6.1.0
SH.FMC_D13_DA13.ConfNb=1
RCC.I2C1Freq_Value=54000000
PE8.Signal=FMC_D5_DA5
RCC.PLLI2SPCLKFreq_Value=96000000
SH.FMC_D14_DA14.ConfNb=1
RCC.RNGFreq_Value=216000000
VP_SYS_VS_Systick.Mode=SysTick
RCC.EthernetFreq_Value=216000000
CORTEX_M7.AccessPermission-Cortex_Memory_Protection_Unit_Region0_Settings=MPU_REGION_FULL_ACCESS
SH.FMC_D12_DA12.0=FMC_D12,16b-d1
NVIC.NonMaskableInt_IRQn=true\:0\:0\:false\:false\:true\:false\:false
SH.FMC_D11_DA11.ConfNb=1
RCC.UART5Freq_Value=54000000
PA13.Mode=Serial_Wire
ProjectManager.FreePins=false
RCC.IPParameters=AHBFreq_Value,APB1CLKDivider,APB1Freq_Value,APB1TimFreq_Value,APB2CLKDivider,APB2Freq_Value,APB2TimFreq_Value,CECFreq_Value,CortexFreq_Value,DFSDMAudioFreq_Value,DFSDMFreq_Value,EthernetFreq_Value,FCLKCortexFreq_Value,FamilyName,HCLKFreq_Value,HSE_VALUE,HSI_VALUE,I2C1Freq_Value,I2C2Freq_Value,I2C3Freq_Value,I2C4Freq_Value,I2SFreq_Value,LCDTFTFreq_Value,LPTIM1Freq_Value,LSI_VALUE,MCO2PinFreq_Value,PLLCLKFreq_Value,PLLI2SPCLKFreq_Value,PLLI2SQCLKFreq_Value,PLLI2SRCLKFreq_Value,PLLI2SRoutputFreq_Value,PLLM,PLLN,PLLQCLKFreq_Value,PLLQoutputFreq_Value,PLLRFreq_Value,PLLSAIPCLKFreq_Value,PLLSAIQCLKFreq_Value,PLLSAIRCLKFreq_Value,PLLSAIoutputFreq_Value,PLLSourceVirtual,RNGFreq_Value,SAI1Freq_Value,SAI2Freq_Value,SDMMC2Freq_Value,SDMMCFreq_Value,SPDIFRXFreq_Value,SYSCLKFreq_VALUE,SYSCLKSource,UART4Freq_Value,UART5Freq_Value,UART7Freq_Value,UART8Freq_Value,USART1Freq_Value,USART2Freq_Value,USART3Freq_Value,USART6Freq_Value,USBFreq_Value,VCOI2SOutputFreq_Value,VCOInputFreq_Value,VCOOutputFreq_Value,VCOSAIOutputFreq_Value
ProjectManager.AskForMigrate=true
Mcu.Name=STM32F767I(G-I)Tx
RCC.PLLI2SQCLKFreq_Value=96000000
CORTEX_M7.Size-Cortex_Memory_Protection_Unit_Region0_Settings=MPU_REGION_SIZE_256MB
PE12.Signal=FMC_D9_DA9
Mcu.Pin26=PB5
Mcu.Pin27=VP_SYS_VS_Systick
Mcu.Pin24=PD5
ProjectManager.UnderRoot=false
Mcu.Pin25=PD7
CORTEX_M7.IPParameters=CPU_ICache,CPU_DCache,MPU_Control,Enable-Cortex_Memory_Protection_Unit_Region0_Settings,BaseAddress-Cortex_Memory_Protection_Unit_Region0_Settings,AccessPermission-Cortex_Memory_Protection_Unit_Region0_Settings,Size-Cortex_Memory_Protection_Unit_Region0_Settings,IsBufferable-Cortex_Memory_Protection_Unit_Region0_Settings
PD14.Signal=FMC_D0_DA0
ProjectManager.CoupleFile=true
SH.FMC_D7_DA7.ConfNb=1
RCC.SYSCLKFreq_VALUE=216000000
Mcu.Pin22=PD1
PB5.Signal=GPIO_Output
Mcu.Pin23=PD4
Mcu.Pin20=PA14
Mcu.Pin21=PD0
NVIC.ForceEnableDMAVector=true
KeepUserPlacement=false
NVIC.MemoryManagement_IRQn=true\:0\:0\:false\:false\:true\:false\:false
PC15/OSC32_OUT.Mode=LSE-External-Oscillator
ProjectManager.CompilerOptimize=6
PA14.Signal=SYS_JTCK-SWCLK
ProjectManager.HeapSize=0x200
Mcu.Pin15=PD10
NVIC.HardFault_IRQn=true\:0\:0\:false\:false\:true\:false\:false
Mcu.Pin16=PD13
Mcu.Pin13=PD8
Mcu.Pin14=PD9
Mcu.Pin19=PA13
ProjectManager.ComputerToolchain=false
Mcu.Pin17=PD14
RCC.HSI_VALUE=16000000
Mcu.Pin18=PD15
NVIC.PriorityGroup=NVIC_PRIORITYGROUP_4
Mcu.Pin11=PE14
Mcu.Pin12=PE15
RCC.PLLM=25
RCC.PLLN=432
Mcu.Pin10=PE13
PC15/OSC32_OUT.Signal=RCC_OSC32_OUT
CORTEX_M7.CPU_DCache=Enabled
SH.FMC_D12_DA12.ConfNb=1
SH.FMC_D8_DA8.ConfNb=1
RCC.I2C2Freq_Value=54000000
RCC.APB1Freq_Value=54000000
RCC.SDMMC2Freq_Value=216000000
SH.FMC_A18.ConfNb=1
ProjectManager.DeviceId=STM32F767IGTx
ProjectManager.LibraryCopy=1
